
Microsoft Visual Studio Solution File, Format Version 12.00
# Visual Studio Version 17
VisualStudioVersion = 17.8.34330.188
MinimumVisualStudioVersion = 10.0.40219.1
Project("{FAE04EC0-301F-11D3-BF4B-00C04F79EFBC}") = "Fela", "Fela\Fela.csproj", "{7B6C99CF-E95C-42C7-B972-3CEED46AFCB5}"
EndProject
Project("{54435603-DBB4-11D2-8724-00A0C9A8B90C}") = "Fela.lk", "Fela.lk\Fela.lk.vdproj", "{BE1B1D76-2302-44A2-9F3A-8C028F08633E}"
EndProject
Project("{54435603-DBB4-11D2-8724-00A0C9A8B90C}") = "Fela.lkSetup", "Fela.lkSetup\Fela.lkSetup.vdproj", "{3E78C96E-09A1-46D0-A596-CCEFFE65F88C}"
EndProject
Project("{54435603-DBB4-11D2-8724-00A0C9A8B90C}") = "Fela.lknewSt", "Fela.lknewSt\Fela.lknewSt.vdproj", "{E281874C-0440-4096-A1C1-A64BE41E9B21}"
EndProject
Project("{54435603-DBB4-11D2-8724-00A0C9A8B90C}") = "Setup1", "Setup1\Setup1.vdproj", "{DFB9E498-378F-4C3A-8ACC-F81DDE2AD056}"
EndProject
Project("{54435603-DBB4-11D2-8724-00A0C9A8B90C}") = "FelaNewAdmin", "FelaNewAdmin\FelaNewAdmin.vdproj", "{2D97C9FE-CFBF-4C39-AE20-047605166C95}"
EndProject
Global
	GlobalSection(SolutionConfigurationPlatforms) = preSolution
		Debug|Any CPU = Debug|Any CPU
		Release|Any CPU = Release|Any CPU
	EndGlobalSection
	GlobalSection(ProjectConfigurationPlatforms) = postSolution
		{7B6C99CF-E95C-42C7-B972-3CEED46AFCB5}.Debug|Any CPU.ActiveCfg = Debug|Any CPU
		{7B6C99CF-E95C-42C7-B972-3CEED46AFCB5}.Debug|Any CPU.Build.0 = Debug|Any CPU
		{7B6C99CF-E95C-42C7-B972-3CEED46AFCB5}.Release|Any CPU.ActiveCfg = Release|Any CPU
		{7B6C99CF-E95C-42C7-B972-3CEED46AFCB5}.Release|Any CPU.Build.0 = Release|Any CPU
		{BE1B1D76-2302-44A2-9F3A-8C028F08633E}.Debug|Any CPU.ActiveCfg = Debug
		{BE1B1D76-2302-44A2-9F3A-8C028F08633E}.Release|Any CPU.ActiveCfg = Release
		{3E78C96E-09A1-46D0-A596-CCEFFE65F88C}.Debug|Any CPU.ActiveCfg = Debug
		{3E78C96E-09A1-46D0-A596-CCEFFE65F88C}.Release|Any CPU.ActiveCfg = Release
		{E281874C-0440-4096-A1C1-A64BE41E9B21}.Debug|Any CPU.ActiveCfg = Debug
		{E281874C-0440-4096-A1C1-A64BE41E9B21}.Release|Any CPU.ActiveCfg = Release
		{DFB9E498-378F-4C3A-8ACC-F81DDE2AD056}.Debug|Any CPU.ActiveCfg = Debug
		{DFB9E498-378F-4C3A-8ACC-F81DDE2AD056}.Release|Any CPU.ActiveCfg = Release
		{2D97C9FE-CFBF-4C39-AE20-047605166C95}.Debug|Any CPU.ActiveCfg = Debug
		{2D97C9FE-CFBF-4C39-AE20-047605166C95}.Release|Any CPU.ActiveCfg = Release
	EndGlobalSection
	GlobalSection(SolutionProperties) = preSolution
		HideSolutionNode = FALSE
	EndGlobalSection
	GlobalSection(ExtensibilityGlobals) = postSolution
		SolutionGuid = {7F3A5400-56B6-4D53-B064-0E07E5A7BB0D}
	EndGlobalSection
EndGlobal
